<Solution>
  <Project Path="NServiceBusContrib.Transport.Sqlite/NServiceBusContrib.Transport.Sqlite.csproj" />
  <Project Path="NServiceBusContrib.Transport.Sqlite.Tests/NServiceBusContrib.Transport.Sqlite.Tests.csproj" />
  <Project Path="NServiceBusContrib.Transport.Sqlite.TransportTests/NServiceBusContrib.Transport.Sqlite.TransportTests.csproj" />
</Solution>
